
Microsoft Visual Studio Solution File, Format Version 12.00
# Visual Studio 15
VisualStudioVersion = 15.0.27428.2015
MinimumVisualStudioVersion = 10.0.40219.1
Project("{FAE04EC0-301F-11D3-BF4B-00C04F79EFBC}") = "Music_Sort_App", "Music_Sort_App\Music_Sort_App.csproj", "{CC7CE93E-15BD-4863-B791-6C6BDDAA7DD9}"
EndProject
Global
	GlobalSection(SolutionConfigurationPlatforms) = preSolution
		Debug|Any CPU = Debug|Any CPU
		Release|Any CPU = Release|Any CPU
	EndGlobalSection
	GlobalSection(ProjectConfigurationPlatforms) = postSolution
		{CC7CE93E-15BD-4863-B791-6C6BDDAA7DD9}.Debug|Any CPU.ActiveCfg = Debug|Any CPU
		{CC7CE93E-15BD-4863-B791-6C6BDDAA7DD9}.Debug|Any CPU.Build.0 = Debug|Any CPU
		{CC7CE93E-15BD-4863-B791-6C6BDDAA7DD9}.Release|Any CPU.ActiveCfg = Release|Any CPU
		{CC7CE93E-15BD-4863-B791-6C6BDDAA7DD9}.Release|Any CPU.Build.0 = Release|Any CPU
	EndGlobalSection
	GlobalSection(SolutionProperties) = preSolution
		HideSolutionNode = FALSE
	EndGlobalSection
	GlobalSection(ExtensibilityGlobals) = postSolution
		SolutionGuid = {6EE0A124-1622-44ED-85C2-272B21B14DD0}
	EndGlobalSection
EndGlobal
